
Microsoft Visual Studio Solution File, Format Version 12.00
# Visual Studio Version 17
VisualStudioVersion = 17.8.34408.163
MinimumVisualStudioVersion = 10.0.40219.1
Project("{9A19103F-16F7-4668-BE54-9A1E7A4F7556}") = "byteStream.Employer.API", "byteStream.Employer.API\byteStream.Employer.API.csproj", "{70A8DFCC-6F47-4E86-8813-05284ABA2F0A}"
EndProject
Project("{9A19103F-16F7-4668-BE54-9A1E7A4F7556}") = "byteStream.Auth.Api", "byteStream.Auth.Api\byteStream.Auth.Api.csproj", "{FE270406-E944-49EC-85E5-10CE37B6CB22}"
EndProject
Project("{9A19103F-16F7-4668-BE54-9A1E7A4F7556}") = "byteStream.JobSeeker.API", "byteStream.JobSeeker.API\byteStream.JobSeeker.API.csproj", "{D9EF0C04-DA68-49EF-93A1-62A354D63286}"
EndProject
Project("{9A19103F-16F7-4668-BE54-9A1E7A4F7556}") = "byteSteam.Geteway.ApiGateway", "byteSteam.Geteway.ApiGateway\byteSteam.Geteway.ApiGateway.csproj", "{8FEB5EF5-3C60-489E-940A-3F9E78917F01}"
EndProject
Project("{9A19103F-16F7-4668-BE54-9A1E7A4F7556}") = "byteStream.Auth.NunitTest", "byteStreamNunitTest\byteStream.Auth.NunitTest.csproj", "{A9E2A617-29ED-4D73-8327-B1CA0EC7329D}"
EndProject
Project("{FAE04EC0-301F-11D3-BF4B-00C04F79EFBC}") = "byteStream.Employer.NunitTest", "byteStream.Employer.NunitTest\byteStream.Employer.NunitTest.csproj", "{871A141D-85EC-40EA-884B-7D7BBDFF2C7F}"
EndProject
Global
	GlobalSection(SolutionConfigurationPlatforms) = preSolution
		Debug|Any CPU = Debug|Any CPU
		Release|Any CPU = Release|Any CPU
	EndGlobalSection
	GlobalSection(ProjectConfigurationPlatforms) = postSolution
		{70A8DFCC-6F47-4E86-8813-05284ABA2F0A}.Debug|Any CPU.ActiveCfg = Debug|Any CPU
		{70A8DFCC-6F47-4E86-8813-05284ABA2F0A}.Debug|Any CPU.Build.0 = Debug|Any CPU
		{70A8DFCC-6F47-4E86-8813-05284ABA2F0A}.Release|Any CPU.ActiveCfg = Release|Any CPU
		{70A8DFCC-6F47-4E86-8813-05284ABA2F0A}.Release|Any CPU.Build.0 = Release|Any CPU
		{FE270406-E944-49EC-85E5-10CE37B6CB22}.Debug|Any CPU.ActiveCfg = Debug|Any CPU
		{FE270406-E944-49EC-85E5-10CE37B6CB22}.Debug|Any CPU.Build.0 = Debug|Any CPU
		{FE270406-E944-49EC-85E5-10CE37B6CB22}.Release|Any CPU.ActiveCfg = Release|Any CPU
		{FE270406-E944-49EC-85E5-10CE37B6CB22}.Release|Any CPU.Build.0 = Release|Any CPU
		{D9EF0C04-DA68-49EF-93A1-62A354D63286}.Debug|Any CPU.ActiveCfg = Debug|Any CPU
		{D9EF0C04-DA68-49EF-93A1-62A354D63286}.Debug|Any CPU.Build.0 = Debug|Any CPU
		{D9EF0C04-DA68-49EF-93A1-62A354D63286}.Release|Any CPU.ActiveCfg = Release|Any CPU
		{D9EF0C04-DA68-49EF-93A1-62A354D63286}.Release|Any CPU.Build.0 = Release|Any CPU
		{8FEB5EF5-3C60-489E-940A-3F9E78917F01}.Debug|Any CPU.ActiveCfg = Debug|Any CPU
		{8FEB5EF5-3C60-489E-940A-3F9E78917F01}.Debug|Any CPU.Build.0 = Debug|Any CPU
		{8FEB5EF5-3C60-489E-940A-3F9E78917F01}.Release|Any CPU.ActiveCfg = Release|Any CPU
		{8FEB5EF5-3C60-489E-940A-3F9E78917F01}.Release|Any CPU.Build.0 = Release|Any CPU
		{A9E2A617-29ED-4D73-8327-B1CA0EC7329D}.Debug|Any CPU.ActiveCfg = Debug|Any CPU
		{A9E2A617-29ED-4D73-8327-B1CA0EC7329D}.Debug|Any CPU.Build.0 = Debug|Any CPU
		{A9E2A617-29ED-4D73-8327-B1CA0EC7329D}.Release|Any CPU.ActiveCfg = Release|Any CPU
		{A9E2A617-29ED-4D73-8327-B1CA0EC7329D}.Release|Any CPU.Build.0 = Release|Any CPU
		{871A141D-85EC-40EA-884B-7D7BBDFF2C7F}.Debug|Any CPU.ActiveCfg = Debug|Any CPU
		{871A141D-85EC-40EA-884B-7D7BBDFF2C7F}.Debug|Any CPU.Build.0 = Debug|Any CPU
		{871A141D-85EC-40EA-884B-7D7BBDFF2C7F}.Release|Any CPU.ActiveCfg = Release|Any CPU
		{871A141D-85EC-40EA-884B-7D7BBDFF2C7F}.Release|Any CPU.Build.0 = Release|Any CPU
	EndGlobalSection
	GlobalSection(SolutionProperties) = preSolution
		HideSolutionNode = FALSE
	EndGlobalSection
	GlobalSection(ExtensibilityGlobals) = postSolution
		SolutionGuid = {5CC49FC3-182F-490B-8EC4-FABAA8770A00}
	EndGlobalSection
EndGlobal
